
Microsoft Visual Studio Solution File, Format Version 12.00
# Visual Studio Version 17
VisualStudioVersion = 17.4.33403.182
MinimumVisualStudioVersion = 10.0.40219.1
Project("{FAE04EC0-301F-11D3-BF4B-00C04F79EFBC}") = "ex9", "ex9\ex9.csproj", "{A1692CBA-0FED-4393-AD04-712597BD8604}"
EndProject
Global
	GlobalSection(SolutionConfigurationPlatforms) = preSolution
		Debug|Any CPU = Debug|Any CPU
		Release|Any CPU = Release|Any CPU
	EndGlobalSection
	GlobalSection(ProjectConfigurationPlatforms) = postSolution
		{A1692CBA-0FED-4393-AD04-712597BD8604}.Debug|Any CPU.ActiveCfg = Debug|Any CPU
		{A1692CBA-0FED-4393-AD04-712597BD8604}.Debug|Any CPU.Build.0 = Debug|Any CPU
		{A1692CBA-0FED-4393-AD04-712597BD8604}.Release|Any CPU.ActiveCfg = Release|Any CPU
		{A1692CBA-0FED-4393-AD04-712597BD8604}.Release|Any CPU.Build.0 = Release|Any CPU
	EndGlobalSection
	GlobalSection(SolutionProperties) = preSolution
		HideSolutionNode = FALSE
	EndGlobalSection
	GlobalSection(ExtensibilityGlobals) = postSolution
		SolutionGuid = {65D7DE5B-92E3-40CF-8BDA-7CDAFBBC1B22}
	EndGlobalSection
EndGlobal
